
Microsoft Visual Studio Solution File, Format Version 12.00
# Visual Studio Version 17
VisualStudioVersion = 17.11.35312.102
MinimumVisualStudioVersion = 10.0.40219.1
Project("{FAE04EC0-301F-11D3-BF4B-00C04F79EFBC}") = "Sprint4", "Sprint4.csproj", "{4B08D751-9E20-45C1-9DB2-A168295ED1FC}"
EndProject
Project("{FAE04EC0-301F-11D3-BF4B-00C04F79EFBC}") = "Sprint4Tests", "..\Sprint4Tests\Sprint4Tests.csproj", "{DABB8689-62F3-4B61-8CF1-8733DBA12AF3}"
EndProject
Global
	GlobalSection(SolutionConfigurationPlatforms) = preSolution
		Debug|Any CPU = Debug|Any CPU
		Release|Any CPU = Release|Any CPU
	EndGlobalSection
	GlobalSection(ProjectConfigurationPlatforms) = postSolution
		{4B08D751-9E20-45C1-9DB2-A168295ED1FC}.Debug|Any CPU.ActiveCfg = Debug|Any CPU
		{4B08D751-9E20-45C1-9DB2-A168295ED1FC}.Debug|Any CPU.Build.0 = Debug|Any CPU
		{4B08D751-9E20-45C1-9DB2-A168295ED1FC}.Release|Any CPU.ActiveCfg = Release|Any CPU
		{4B08D751-9E20-45C1-9DB2-A168295ED1FC}.Release|Any CPU.Build.0 = Release|Any CPU
		{DABB8689-62F3-4B61-8CF1-8733DBA12AF3}.Debug|Any CPU.ActiveCfg = Debug|Any CPU
		{DABB8689-62F3-4B61-8CF1-8733DBA12AF3}.Debug|Any CPU.Build.0 = Debug|Any CPU
		{DABB8689-62F3-4B61-8CF1-8733DBA12AF3}.Release|Any CPU.ActiveCfg = Release|Any CPU
		{DABB8689-62F3-4B61-8CF1-8733DBA12AF3}.Release|Any CPU.Build.0 = Release|Any CPU
	EndGlobalSection
	GlobalSection(SolutionProperties) = preSolution
		HideSolutionNode = FALSE
	EndGlobalSection
	GlobalSection(ExtensibilityGlobals) = postSolution
		SolutionGuid = {F09D3F02-93DE-4437-92B8-695077044431}
	EndGlobalSection
EndGlobal
